<?xml version="1.0" encoding="utf-8"?>
<Project ToolsVersion="4.0" xmlns="http://schemas.microsoft.com/developer/msbuild/2003">
  <ItemGroup>
    <Filter Include="Source Files">
      <UniqueIdentifier>{4FC737F1-C7A5-4376-A066-2A32D752A2FF}</UniqueIdentifier>
      <Extensions>cpp;c;cc;cxx;def;odl;idl;hpj;bat;asm;asmx</Extensions>
    </Filter>
    <Filter Include="Header Files">
      <UniqueIdentifier>{93995380-89BD-4b04-88EB-625FBE52EBFB}</UniqueIdentifier>
      <Extensions>h;hh;hpp;hxx;hm;inl;inc;xsd</Extensions>
    </Filter>
    <Filter Include="Resource Files">
      <UniqueIdentifier>{67DA6AB6-F800-4c08-8B7A-83BB121AAD01}</UniqueIdentifier>
      <Extensions>rc;ico;cur;bmp;dlg;rc2;rct;bin;rgs;gif;jpg;jpeg;jpe;resx;tiff;tif;png;wav;mfcribbon-ms</Extensions>
    </Filter>
  </ItemGroup>
  <ItemGroup>
    <ClInclude Include="Game_Fire.h">
      <Filter>Header Files</Filter>
    </ClInclude>
    <ClInclude Include="Game_Life.h">
      <Filter>Header Files</Filter>
    </ClInclude>
    <ClInclude Include="Factory_of_Games.h">
      <Filter>Header Files</Filter>
    </ClInclude>
    <ClInclude Include="Game.h">
      <Filter>Header Files</Filter>
    </ClInclude>
    <ClInclude Include="Game_Fire_Creator.h">
      <Filter>Header Files</Filter>
    </ClInclude>
    <ClInclude Include="Game_Life_Creator.h">
      <Filter>Header Files</Filter>
    </ClInclude>
    <ClInclude Include="Game_Run.h">
      <Filter>Header Files</Filter>
    </ClInclude>
    <ClInclude Include="Tools.h">
      <Filter>Header Files</Filter>
    </ClInclude>
    <ClInclude Include="Strategy_Fire.h">
      <Filter>Header Files</Filter>
    </ClInclude>
    <ClInclude Include="Field.h">
      <Filter>Header Files</Filter>
    </ClInclude>
    <ClInclude Include="Factory_of_Interfaces.h">
      <Filter>Header Files</Filter>
    </ClInclude>
    <ClInclude Include="Interface.h">
      <Filter>Header Files</Filter>
    </ClInclude>
    <ClInclude Include="Offline.h">
      <Filter>Header Files</Filter>
    </ClInclude>
    <ClInclude Include="Offline_Creator.h">
      <Filter>Header Files</Filter>
    </ClInclude>
    <ClInclude Include="Online.h">
      <Filter>Header Files</Filter>
    </ClInclude>
    <ClInclude Include="Online_Creator.h">
      <Filter>Header Files</Filter>
    </ClInclude>
    <ClInclude Include="Save_File.h">
      <Filter>Header Files</Filter>
    </ClInclude>
    <ClInclude Include="Strategy_Life.h">
      <Filter>Header Files</Filter>
    </ClInclude>
    <ClInclude Include="Factory_of_Strategy.h">
      <Filter>Header Files</Filter>
    </ClInclude>
    <ClInclude Include="Strategy_life_creator.h">
      <Filter>Header Files</Filter>
    </ClInclude>
    <ClInclude Include="Strategy_fire_creator.h">
      <Filter>Header Files</Filter>
    </ClInclude>
    <ClInclude Include="Strategy.h">
      <Filter>Header Files</Filter>
    </ClInclude>
    <ClInclude Include="Executor.h">
      <Filter>Header Files</Filter>
    </ClInclude>
    <ClInclude Include="Parser.h">
      <Filter>Header Files</Filter>
    </ClInclude>
  </ItemGroup>
  <ItemGroup>
    <ClCompile Include="main.cpp">
      <Filter>Source Files</Filter>
    </ClCompile>
    <ClCompile Include="Game_Life_Creator.cpp">
      <Filter>Source Files</Filter>
    </ClCompile>
    <ClCompile Include="Game_Fire_Creator.cpp">
      <Filter>Source Files</Filter>
    </ClCompile>
    <ClCompile Include="Game_Run.cpp">
      <Filter>Source Files</Filter>
    </ClCompile>
    <ClCompile Include="Game_Fire.cpp">
      <Filter>Source Files</Filter>
    </ClCompile>
    <ClCompile Include="Tools.cpp">
      <Filter>Source Files</Filter>
    </ClCompile>
    <ClCompile Include="Strategy_Fire.cpp">
      <Filter>Source Files</Filter>
    </ClCompile>
    <ClCompile Include="Online.cpp">
      <Filter>Source Files</Filter>
    </ClCompile>
    <ClCompile Include="Online_Creator.cpp">
      <Filter>Source Files</Filter>
    </ClCompile>
    <ClCompile Include="Offline.cpp">
      <Filter>Source Files</Filter>
    </ClCompile>
    <ClCompile Include="Offline_Creator.cpp">
      <Filter>Source Files</Filter>
    </ClCompile>
    <ClCompile Include="Save_File.cpp">
      <Filter>Source Files</Filter>
    </ClCompile>
    <ClCompile Include="Game_Life.cpp">
      <Filter>Source Files</Filter>
    </ClCompile>
    <ClCompile Include="Strategy_Life.cpp">
      <Filter>Source Files</Filter>
    </ClCompile>
    <ClCompile Include="Strategy_fire_creator.cpp">
      <Filter>Source Files</Filter>
    </ClCompile>
    <ClCompile Include="Strategy_life_creator.cpp">
      <Filter>Source Files</Filter>
    </ClCompile>
    <ClCompile Include="Executor.cpp">
      <Filter>Source Files</Filter>
    </ClCompile>
    <ClCompile Include="Parser.cpp">
      <Filter>Source Files</Filter>
    </ClCompile>
  </ItemGroup>
</Project>